
Microsoft Visual Studio Solution File, Format Version 12.00
Project("{FAE04EC0-301F-11D3-BF4B-00C04F79EFBC}") = "API", "API\API.csproj", "{822DE882-0F31-450A-A183-8B6F31DA3A4C}"
EndProject
Project("{2150E333-8FDC-42A3-9474-1A3956D46DE8}") = "Tests", "Tests", "{F072CFBB-1DA7-42D2-94BD-ED2CBB6D7DBA}"
EndProject
Project("{2150E333-8FDC-42A3-9474-1A3956D46DE8}") = "src", "src", "{43CA4FA5-8F78-4266-BC7E-11279A4DDB60}"
EndProject
Project("{FAE04EC0-301F-11D3-BF4B-00C04F79EFBC}") = "Application", "Application\Application.csproj", "{1E4E2D83-FB09-4E01-AAE0-838B898F289E}"
EndProject
Project("{FAE04EC0-301F-11D3-BF4B-00C04F79EFBC}") = "Domain", "Domain\Domain.csproj", "{EA90EA99-9F92-4B59-97FE-030A21E212DB}"
EndProject
Project("{FAE04EC0-301F-11D3-BF4B-00C04F79EFBC}") = "Infrastructure", "Infrastructure\Infrastructure.csproj", "{1401C149-443A-411A-ABF0-3FC9D058A594}"
EndProject
Project("{FAE04EC0-301F-11D3-BF4B-00C04F79EFBC}") = "Application.Tests", "Application.Tests\Application.Tests.csproj", "{336CA748-4636-43E4-ABA9-5A0C2DD302B4}"
EndProject
Project("{FAE04EC0-301F-11D3-BF4B-00C04F79EFBC}") = "Infrastructure.Test", "Infrastructure.Test\Infrastructure.Test.csproj", "{ED5F04B4-6AE1-4C35-BAF5-0B0997B76555}"
EndProject
Project("{FAE04EC0-301F-11D3-BF4B-00C04F79EFBC}") = "API.Test", "API.Test\API.Test.csproj", "{C19BCDF2-4EB2-4781-AE09-4CC87BB59D3F}"
EndProject
Global
	GlobalSection(SolutionConfigurationPlatforms) = preSolution
		Debug|Any CPU = Debug|Any CPU
		Release|Any CPU = Release|Any CPU
	EndGlobalSection
	GlobalSection(ProjectConfigurationPlatforms) = postSolution
		{822DE882-0F31-450A-A183-8B6F31DA3A4C}.Debug|Any CPU.ActiveCfg = Debug|Any CPU
		{822DE882-0F31-450A-A183-8B6F31DA3A4C}.Debug|Any CPU.Build.0 = Debug|Any CPU
		{822DE882-0F31-450A-A183-8B6F31DA3A4C}.Release|Any CPU.ActiveCfg = Release|Any CPU
		{822DE882-0F31-450A-A183-8B6F31DA3A4C}.Release|Any CPU.Build.0 = Release|Any CPU
		{1E4E2D83-FB09-4E01-AAE0-838B898F289E}.Debug|Any CPU.ActiveCfg = Debug|Any CPU
		{1E4E2D83-FB09-4E01-AAE0-838B898F289E}.Debug|Any CPU.Build.0 = Debug|Any CPU
		{1E4E2D83-FB09-4E01-AAE0-838B898F289E}.Release|Any CPU.ActiveCfg = Release|Any CPU
		{1E4E2D83-FB09-4E01-AAE0-838B898F289E}.Release|Any CPU.Build.0 = Release|Any CPU
		{EA90EA99-9F92-4B59-97FE-030A21E212DB}.Debug|Any CPU.ActiveCfg = Debug|Any CPU
		{EA90EA99-9F92-4B59-97FE-030A21E212DB}.Debug|Any CPU.Build.0 = Debug|Any CPU
		{EA90EA99-9F92-4B59-97FE-030A21E212DB}.Release|Any CPU.ActiveCfg = Release|Any CPU
		{EA90EA99-9F92-4B59-97FE-030A21E212DB}.Release|Any CPU.Build.0 = Release|Any CPU
		{1401C149-443A-411A-ABF0-3FC9D058A594}.Debug|Any CPU.ActiveCfg = Debug|Any CPU
		{1401C149-443A-411A-ABF0-3FC9D058A594}.Debug|Any CPU.Build.0 = Debug|Any CPU
		{1401C149-443A-411A-ABF0-3FC9D058A594}.Release|Any CPU.ActiveCfg = Release|Any CPU
		{1401C149-443A-411A-ABF0-3FC9D058A594}.Release|Any CPU.Build.0 = Release|Any CPU
		{336CA748-4636-43E4-ABA9-5A0C2DD302B4}.Debug|Any CPU.ActiveCfg = Debug|Any CPU
		{336CA748-4636-43E4-ABA9-5A0C2DD302B4}.Debug|Any CPU.Build.0 = Debug|Any CPU
		{336CA748-4636-43E4-ABA9-5A0C2DD302B4}.Release|Any CPU.ActiveCfg = Release|Any CPU
		{336CA748-4636-43E4-ABA9-5A0C2DD302B4}.Release|Any CPU.Build.0 = Release|Any CPU
		{ED5F04B4-6AE1-4C35-BAF5-0B0997B76555}.Debug|Any CPU.ActiveCfg = Debug|Any CPU
		{ED5F04B4-6AE1-4C35-BAF5-0B0997B76555}.Debug|Any CPU.Build.0 = Debug|Any CPU
		{ED5F04B4-6AE1-4C35-BAF5-0B0997B76555}.Release|Any CPU.ActiveCfg = Release|Any CPU
		{ED5F04B4-6AE1-4C35-BAF5-0B0997B76555}.Release|Any CPU.Build.0 = Release|Any CPU
		{C19BCDF2-4EB2-4781-AE09-4CC87BB59D3F}.Debug|Any CPU.ActiveCfg = Debug|Any CPU
		{C19BCDF2-4EB2-4781-AE09-4CC87BB59D3F}.Debug|Any CPU.Build.0 = Debug|Any CPU
		{C19BCDF2-4EB2-4781-AE09-4CC87BB59D3F}.Release|Any CPU.ActiveCfg = Release|Any CPU
		{C19BCDF2-4EB2-4781-AE09-4CC87BB59D3F}.Release|Any CPU.Build.0 = Release|Any CPU
	EndGlobalSection
	GlobalSection(NestedProjects) = preSolution
		{822DE882-0F31-450A-A183-8B6F31DA3A4C} = {43CA4FA5-8F78-4266-BC7E-11279A4DDB60}
		{1E4E2D83-FB09-4E01-AAE0-838B898F289E} = {43CA4FA5-8F78-4266-BC7E-11279A4DDB60}
		{EA90EA99-9F92-4B59-97FE-030A21E212DB} = {43CA4FA5-8F78-4266-BC7E-11279A4DDB60}
		{1401C149-443A-411A-ABF0-3FC9D058A594} = {43CA4FA5-8F78-4266-BC7E-11279A4DDB60}
		{336CA748-4636-43E4-ABA9-5A0C2DD302B4} = {F072CFBB-1DA7-42D2-94BD-ED2CBB6D7DBA}
		{ED5F04B4-6AE1-4C35-BAF5-0B0997B76555} = {F072CFBB-1DA7-42D2-94BD-ED2CBB6D7DBA}
		{C19BCDF2-4EB2-4781-AE09-4CC87BB59D3F} = {F072CFBB-1DA7-42D2-94BD-ED2CBB6D7DBA}
	EndGlobalSection
EndGlobal
